github.com/liushuangls/go-anthropic/v2 v2.3.0 h1:nLQrLIrPMRHahnewhgq1waRXOZ2wBm4HA7w5x8Vda9E=
github.com/liushuangls/go-anthropic/v2 v2.3.0/go.mod h1:8BKv/fkeTaL5R9R9bGkaknYBueyw2WxY20o7bImbOek=
github.com/liushuangls/go-anthropic/v2 v2.3.1 h1:CtARXi91YFhhRKdf5/zh+NogmWgGaUZmHywQ61/sNGA=
github.com/liushuangls/go-anthropic/v2 v2.3.1/go.mod h1:8BKv/fkeTaL5R9R9bGkaknYBueyw2WxY20o7bImbOek=
